
Microsoft Visual Studio Solution File, Format Version 10.00
# Visual Studio 2008
Project("{FAE04EC0-301F-11D3-BF4B-00C04F79EFBC}") = "Microsoft.Demo.Connectors", "Microsoft.Demo.Connectors\Microsoft.Demo.Connectors.csproj", "{01026274-2BFE-4C54-B5A3-122912EC4E49}"
EndProject
Global
	GlobalSection(SolutionConfigurationPlatforms) = preSolution
		Debug|Any CPU = Debug|Any CPU
		Release|Any CPU = Release|Any CPU
	EndGlobalSection
	GlobalSection(ProjectConfigurationPlatforms) = postSolution
		{01026274-2BFE-4C54-B5A3-122912EC4E49}.Debug|Any CPU.ActiveCfg = Debug|Any CPU
		{01026274-2BFE-4C54-B5A3-122912EC4E49}.Debug|Any CPU.Build.0 = Debug|Any CPU
		{01026274-2BFE-4C54-B5A3-122912EC4E49}.Release|Any CPU.ActiveCfg = Release|Any CPU
		{01026274-2BFE-4C54-B5A3-122912EC4E49}.Release|Any CPU.Build.0 = Release|Any CPU
	EndGlobalSection
	GlobalSection(SolutionProperties) = preSolution
		HideSolutionNode = FALSE
	EndGlobalSection
EndGlobal
